{
  "nodes": {
    "home-manager": {
      "inputs": {
        "nixpkgs": [
          "nixpkgs"
        ]
      },
      "locked": {
        "lastModified": 1739757849,
        "narHash": "sha256-Gs076ot1YuAAsYVcyidLKUMIc4ooOaRGO0PqTY7sBzA=",
        "owner": "nix-community",
        "repo": "home-manager",
        "rev": "9d3d080aec2a35e05a15cedd281c2384767c2cfe",
        "type": "github"
      },
      "original": {
        "owner": "nix-community",
        "ref": "release-24.11",
        "repo": "home-manager",
        "type": "github"
      }
    },
    "nixpkgs": {
      "locked": {
        "lastModified": 1741600792,
        "narHash": "sha256-yfDy6chHcM7pXpMF4wycuuV+ILSTG486Z/vLx/Bdi6Y=",
        "owner": "NixOS",
        "repo": "nixpkgs",
        "rev": "ebe2788eafd539477f83775ef93c3c7e244421d3",
        "type": "github"
      },
      "original": {
        "owner": "NixOS",
        "ref": "nixos-24.11",
        "repo": "nixpkgs",
        "type": "github"
      }
    },
    "nixpkgs_2": {
      "locked": {
        "lastModified": 1742053528,
        "narHash": "sha256-Y/bKxj4ebqdSApK2f4WTBjLLSU1euhoutqUapz9lZaY=",
        "owner": "NixOS",
        "repo": "nixpkgs",
        "rev": "2d3a45d000f67883e624fc5955f7431fc4734734",
        "type": "github"
      },
      "original": {
        "owner": "NixOS",
        "repo": "nixpkgs",
        "type": "github"
      }
    },
    "root": {
      "inputs": {
        "home-manager": "home-manager",
        "nixpkgs": "nixpkgs",
        "unhalteproblem-website": "unhalteproblem-website"
      }
    },
    "unhalteproblem-website": {
      "inputs": {
        "nixpkgs": "nixpkgs_2"
      },
      "locked": {
        "lastModified": 1742056757,
        "narHash": "sha256-LDFWEmJkMXyRi49Ov/Ozr4ep95UhjjrHLN4dabArB38=",
        "owner": "debaser36",
        "repo": "unhalteproblem.de",
        "rev": "992f3e6cd6f3d317352d86935091382224af9ff5",
        "type": "github"
      },
      "original": {
        "owner": "debaser36",
        "ref": "main",
        "repo": "unhalteproblem.de",
        "type": "github"
      }
    }
  },
  "root": "root",
  "version": 7
}
